
Microsoft Visual Studio Solution File, Format Version 12.00
# Visual Studio Version 17
VisualStudioVersion = 17.0.31903.59
MinimumVisualStudioVersion = 10.0.40219.1
Project("{FAE04EC0-301F-11D3-BF4B-00C04F79EFBC}") = "MongoDBQ", "src\MongoDBQ.csproj", "{DE668848-FA3A-473B-AB5E-7B982AC87D65}"
EndProject
Project("{F2A71F9B-5D33-465A-A702-920D77279786}") = "MongoDBQ.Tests", "tests\MongoDBQ.Tests.fsproj", "{A78D4B35-7079-4150-8540-DAB7B9A11669}"
EndProject
Project("{FAE04EC0-301F-11D3-BF4B-00C04F79EFBC}") = "demo", "demo\demo.csproj", "{625F6651-6C54-458C-882F-C56B1E0729ED}"
EndProject
Global
	GlobalSection(SolutionConfigurationPlatforms) = preSolution
		Debug|Any CPU = Debug|Any CPU
		Release|Any CPU = Release|Any CPU
	EndGlobalSection
	GlobalSection(SolutionProperties) = preSolution
		HideSolutionNode = FALSE
	EndGlobalSection
	GlobalSection(ProjectConfigurationPlatforms) = postSolution
		{DE668848-FA3A-473B-AB5E-7B982AC87D65}.Debug|Any CPU.ActiveCfg = Debug|Any CPU
		{DE668848-FA3A-473B-AB5E-7B982AC87D65}.Debug|Any CPU.Build.0 = Debug|Any CPU
		{DE668848-FA3A-473B-AB5E-7B982AC87D65}.Release|Any CPU.ActiveCfg = Release|Any CPU
		{DE668848-FA3A-473B-AB5E-7B982AC87D65}.Release|Any CPU.Build.0 = Release|Any CPU
		{A78D4B35-7079-4150-8540-DAB7B9A11669}.Debug|Any CPU.ActiveCfg = Debug|Any CPU
		{A78D4B35-7079-4150-8540-DAB7B9A11669}.Debug|Any CPU.Build.0 = Debug|Any CPU
		{A78D4B35-7079-4150-8540-DAB7B9A11669}.Release|Any CPU.ActiveCfg = Release|Any CPU
		{A78D4B35-7079-4150-8540-DAB7B9A11669}.Release|Any CPU.Build.0 = Release|Any CPU
		{625F6651-6C54-458C-882F-C56B1E0729ED}.Debug|Any CPU.ActiveCfg = Debug|Any CPU
		{625F6651-6C54-458C-882F-C56B1E0729ED}.Debug|Any CPU.Build.0 = Debug|Any CPU
		{625F6651-6C54-458C-882F-C56B1E0729ED}.Release|Any CPU.ActiveCfg = Release|Any CPU
		{625F6651-6C54-458C-882F-C56B1E0729ED}.Release|Any CPU.Build.0 = Release|Any CPU
	EndGlobalSection
EndGlobal
